
Microsoft Visual Studio Solution File, Format Version 12.00
# Visual Studio Version 17
VisualStudioVersion = 17.11.35222.181
MinimumVisualStudioVersion = 10.0.40219.1
Project("{8BC9CEB8-8B4A-11D0-8D11-00A0C91BC942}") = "VulkanGameEngine", "VulkanGameEngine\VulkanGameEngine.vcxproj", "{44DE42E7-0D69-4422-B5B2-0823D4983781}"
	ProjectSection(ProjectDependencies) = postProject
		{1F7762E6-CF2F-435A-8255-61E117650A26} = {1F7762E6-CF2F-435A-8255-61E117650A26}
	EndProjectSection
EndProject
Project("{8BC9CEB8-8B4A-11D0-8D11-00A0C91BC942}") = "VulkanGameEngineCore", "VulkanGameEngineCore\VulkanGameEngineCore.vcxproj", "{1F7762E6-CF2F-435A-8255-61E117650A26}"
EndProject
Project("{FAE04EC0-301F-11D3-BF4B-00C04F79EFBC}") = "VulkanGameEngineLevelEditor", "VulkanGameEngineLevelEditor\VulkanGameEngineLevelEditor.csproj", "{44233629-8998-416F-B8FB-E454D1A0CDCA}"
	ProjectSection(ProjectDependencies) = postProject
		{1F7762E6-CF2F-435A-8255-61E117650A26} = {1F7762E6-CF2F-435A-8255-61E117650A26}
	EndProjectSection
EndProject
Project("{2150E333-8FDC-42A3-9474-1A3956D46DE8}") = "Shaders", "Shaders", "{D6D5958C-19B6-4B6E-BA4B-28E99E6BE703}"
	ProjectSection(SolutionItems) = preProject
		Shaders\fragshader.frag = Shaders\fragshader.frag
		Shaders\FrameBufferShader.frag = Shaders\FrameBufferShader.frag
		Shaders\FrameBufferShader.vert = Shaders\FrameBufferShader.vert
		Shaders\Shader2D.frag = Shaders\Shader2D.frag
		Shaders\Shader2D.vert = Shaders\Shader2D.vert
		Shaders\SpriteInstanceShader.frag = Shaders\SpriteInstanceShader.frag
		Shaders\SpriteInstanceShader.vert = Shaders\SpriteInstanceShader.vert
		Shaders\vertshader.vert = Shaders\vertshader.vert
	EndProjectSection
EndProject
Project("{2150E333-8FDC-42A3-9474-1A3956D46DE8}") = "Solution Items", "Solution Items", "{E282A3D5-3DCC-485B-AA01-B66AB307DBE2}"
EndProject
Project("{2150E333-8FDC-42A3-9474-1A3956D46DE8}") = "Pipelines", "Pipelines", "{0EDEA954-1D78-4E87-B6E9-6AD004194688}"
	ProjectSection(SolutionItems) = preProject
		Pipelines\Default2DPipeline.json = Pipelines\Default2DPipeline.json
		Pipelines\DefaultPipeline.json = Pipelines\DefaultPipeline.json
		Pipelines\FrameBufferPipeline.json = Pipelines\FrameBufferPipeline.json
	EndProjectSection
EndProject
Project("{2150E333-8FDC-42A3-9474-1A3956D46DE8}") = "RenderPasses", "RenderPasses", "{6553F8D0-FC4F-4C55-A633-B3F3CBE2CD48}"
	ProjectSection(SolutionItems) = preProject
		RenderPass\Default2DRenderPass.json = RenderPass\Default2DRenderPass.json
		RenderPass\DefaultRenderPass.json = RenderPass\DefaultRenderPass.json
		RenderPass\FrameBufferRenderPass.json = RenderPass\FrameBufferRenderPass.json
	EndProjectSection
EndProject
Project("{FAE04EC0-301F-11D3-BF4B-00C04F79EFBC}") = "VulkanGameEngineGameObjectScripts", "VulkanGameEngineGameObjectScripts\VulkanGameEngineGameObjectScripts.csproj", "{1614928C-774C-4DD2-97C1-CAD5484B41E3}"
EndProject
Project("{8BC9CEB8-8B4A-11D0-8D11-00A0C91BC942}") = "VulkanEngineDLL", "VulkanEngineDLL\VulkanEngineDLL.vcxproj", "{D22B29FB-1F02-471C-81AC-A352862F6951}"
EndProject
Project("{2150E333-8FDC-42A3-9474-1A3956D46DE8}") = "Levels", "Levels", "{23E8B804-7274-445A-AF83-A71B1E9AAFC5}"
	ProjectSection(SolutionItems) = preProject
		Levels\TestLevel.json = Levels\TestLevel.json
	EndProjectSection
EndProject
Project("{2150E333-8FDC-42A3-9474-1A3956D46DE8}") = "Materials", "Materials", "{4CCF9A80-6215-4938-8BF7-38F42B25CDFB}"
EndProject
Global
	GlobalSection(SolutionConfigurationPlatforms) = preSolution
		Debug|Any CPU = Debug|Any CPU
		Debug|x64 = Debug|x64
		Debug|x86 = Debug|x86
		Release|Any CPU = Release|Any CPU
		Release|x64 = Release|x64
		Release|x86 = Release|x86
	EndGlobalSection
	GlobalSection(ProjectConfigurationPlatforms) = postSolution
		{44DE42E7-0D69-4422-B5B2-0823D4983781}.Debug|Any CPU.ActiveCfg = Debug|x64
		{44DE42E7-0D69-4422-B5B2-0823D4983781}.Debug|Any CPU.Build.0 = Debug|x64
		{44DE42E7-0D69-4422-B5B2-0823D4983781}.Debug|x64.ActiveCfg = Debug|x64
		{44DE42E7-0D69-4422-B5B2-0823D4983781}.Debug|x64.Build.0 = Debug|x64
		{44DE42E7-0D69-4422-B5B2-0823D4983781}.Debug|x86.ActiveCfg = Debug|Win32
		{44DE42E7-0D69-4422-B5B2-0823D4983781}.Debug|x86.Build.0 = Debug|Win32
		{44DE42E7-0D69-4422-B5B2-0823D4983781}.Release|Any CPU.ActiveCfg = Release|x64
		{44DE42E7-0D69-4422-B5B2-0823D4983781}.Release|Any CPU.Build.0 = Release|x64
		{44DE42E7-0D69-4422-B5B2-0823D4983781}.Release|x64.ActiveCfg = Release|x64
		{44DE42E7-0D69-4422-B5B2-0823D4983781}.Release|x64.Build.0 = Release|x64
		{44DE42E7-0D69-4422-B5B2-0823D4983781}.Release|x86.ActiveCfg = Release|Win32
		{44DE42E7-0D69-4422-B5B2-0823D4983781}.Release|x86.Build.0 = Release|Win32
		{1F7762E6-CF2F-435A-8255-61E117650A26}.Debug|Any CPU.ActiveCfg = Debug|x64
		{1F7762E6-CF2F-435A-8255-61E117650A26}.Debug|Any CPU.Build.0 = Debug|x64
		{1F7762E6-CF2F-435A-8255-61E117650A26}.Debug|x64.ActiveCfg = Debug|x64
		{1F7762E6-CF2F-435A-8255-61E117650A26}.Debug|x64.Build.0 = Debug|x64
		{1F7762E6-CF2F-435A-8255-61E117650A26}.Debug|x86.ActiveCfg = Debug|Win32
		{1F7762E6-CF2F-435A-8255-61E117650A26}.Debug|x86.Build.0 = Debug|Win32
		{1F7762E6-CF2F-435A-8255-61E117650A26}.Release|Any CPU.ActiveCfg = Release|x64
		{1F7762E6-CF2F-435A-8255-61E117650A26}.Release|Any CPU.Build.0 = Release|x64
		{1F7762E6-CF2F-435A-8255-61E117650A26}.Release|x64.ActiveCfg = Release|x64
		{1F7762E6-CF2F-435A-8255-61E117650A26}.Release|x64.Build.0 = Release|x64
		{1F7762E6-CF2F-435A-8255-61E117650A26}.Release|x86.ActiveCfg = Release|Win32
		{1F7762E6-CF2F-435A-8255-61E117650A26}.Release|x86.Build.0 = Release|Win32
		{44233629-8998-416F-B8FB-E454D1A0CDCA}.Debug|Any CPU.ActiveCfg = Debug|Any CPU
		{44233629-8998-416F-B8FB-E454D1A0CDCA}.Debug|Any CPU.Build.0 = Debug|Any CPU
		{44233629-8998-416F-B8FB-E454D1A0CDCA}.Debug|x64.ActiveCfg = Debug|Any CPU
		{44233629-8998-416F-B8FB-E454D1A0CDCA}.Debug|x64.Build.0 = Debug|Any CPU
		{44233629-8998-416F-B8FB-E454D1A0CDCA}.Debug|x86.ActiveCfg = Debug|Any CPU
		{44233629-8998-416F-B8FB-E454D1A0CDCA}.Debug|x86.Build.0 = Debug|Any CPU
		{44233629-8998-416F-B8FB-E454D1A0CDCA}.Release|Any CPU.ActiveCfg = Release|Any CPU
		{44233629-8998-416F-B8FB-E454D1A0CDCA}.Release|Any CPU.Build.0 = Release|Any CPU
		{44233629-8998-416F-B8FB-E454D1A0CDCA}.Release|x64.ActiveCfg = Release|Any CPU
		{44233629-8998-416F-B8FB-E454D1A0CDCA}.Release|x64.Build.0 = Release|Any CPU
		{44233629-8998-416F-B8FB-E454D1A0CDCA}.Release|x86.ActiveCfg = Release|Any CPU
		{44233629-8998-416F-B8FB-E454D1A0CDCA}.Release|x86.Build.0 = Release|Any CPU
		{1614928C-774C-4DD2-97C1-CAD5484B41E3}.Debug|Any CPU.ActiveCfg = Debug|Any CPU
		{1614928C-774C-4DD2-97C1-CAD5484B41E3}.Debug|Any CPU.Build.0 = Debug|Any CPU
		{1614928C-774C-4DD2-97C1-CAD5484B41E3}.Debug|x64.ActiveCfg = Debug|Any CPU
		{1614928C-774C-4DD2-97C1-CAD5484B41E3}.Debug|x64.Build.0 = Debug|Any CPU
		{1614928C-774C-4DD2-97C1-CAD5484B41E3}.Debug|x86.ActiveCfg = Debug|Any CPU
		{1614928C-774C-4DD2-97C1-CAD5484B41E3}.Debug|x86.Build.0 = Debug|Any CPU
		{1614928C-774C-4DD2-97C1-CAD5484B41E3}.Release|Any CPU.ActiveCfg = Release|Any CPU
		{1614928C-774C-4DD2-97C1-CAD5484B41E3}.Release|Any CPU.Build.0 = Release|Any CPU
		{1614928C-774C-4DD2-97C1-CAD5484B41E3}.Release|x64.ActiveCfg = Release|Any CPU
		{1614928C-774C-4DD2-97C1-CAD5484B41E3}.Release|x64.Build.0 = Release|Any CPU
		{1614928C-774C-4DD2-97C1-CAD5484B41E3}.Release|x86.ActiveCfg = Release|Any CPU
		{1614928C-774C-4DD2-97C1-CAD5484B41E3}.Release|x86.Build.0 = Release|Any CPU
		{D22B29FB-1F02-471C-81AC-A352862F6951}.Debug|Any CPU.ActiveCfg = Debug|x64
		{D22B29FB-1F02-471C-81AC-A352862F6951}.Debug|Any CPU.Build.0 = Debug|x64
		{D22B29FB-1F02-471C-81AC-A352862F6951}.Debug|x64.ActiveCfg = Debug|x64
		{D22B29FB-1F02-471C-81AC-A352862F6951}.Debug|x64.Build.0 = Debug|x64
		{D22B29FB-1F02-471C-81AC-A352862F6951}.Debug|x86.ActiveCfg = Debug|Win32
		{D22B29FB-1F02-471C-81AC-A352862F6951}.Debug|x86.Build.0 = Debug|Win32
		{D22B29FB-1F02-471C-81AC-A352862F6951}.Release|Any CPU.ActiveCfg = Release|x64
		{D22B29FB-1F02-471C-81AC-A352862F6951}.Release|Any CPU.Build.0 = Release|x64
		{D22B29FB-1F02-471C-81AC-A352862F6951}.Release|x64.ActiveCfg = Release|x64
		{D22B29FB-1F02-471C-81AC-A352862F6951}.Release|x64.Build.0 = Release|x64
		{D22B29FB-1F02-471C-81AC-A352862F6951}.Release|x86.ActiveCfg = Release|Win32
		{D22B29FB-1F02-471C-81AC-A352862F6951}.Release|x86.Build.0 = Release|Win32
	EndGlobalSection
	GlobalSection(SolutionProperties) = preSolution
		HideSolutionNode = FALSE
	EndGlobalSection
	GlobalSection(NestedProjects) = preSolution
		{D6D5958C-19B6-4B6E-BA4B-28E99E6BE703} = {E282A3D5-3DCC-485B-AA01-B66AB307DBE2}
		{0EDEA954-1D78-4E87-B6E9-6AD004194688} = {E282A3D5-3DCC-485B-AA01-B66AB307DBE2}
		{6553F8D0-FC4F-4C55-A633-B3F3CBE2CD48} = {E282A3D5-3DCC-485B-AA01-B66AB307DBE2}
		{23E8B804-7274-445A-AF83-A71B1E9AAFC5} = {E282A3D5-3DCC-485B-AA01-B66AB307DBE2}
		{4CCF9A80-6215-4938-8BF7-38F42B25CDFB} = {E282A3D5-3DCC-485B-AA01-B66AB307DBE2}
	EndGlobalSection
	GlobalSection(ExtensibilityGlobals) = postSolution
		SolutionGuid = {9F492211-3E89-431E-83CC-E65D5E8EBE55}
	EndGlobalSection
EndGlobal
