
Microsoft Visual Studio Solution File, Format Version 12.00
# Visual Studio Version 17
VisualStudioVersion = 17.11.35222.181
MinimumVisualStudioVersion = 10.0.40219.1
Project("{FAE04EC0-301F-11D3-BF4B-00C04F79EFBC}") = "VulkanGameEngineLevelEditor", "VulkanGameEngineLevelEditor\VulkanGameEngineLevelEditor.csproj", "{44233629-8998-416F-B8FB-E454D1A0CDCA}"
EndProject
Project("{2150E333-8FDC-42A3-9474-1A3956D46DE8}") = "Shaders", "Shaders", "{D6D5958C-19B6-4B6E-BA4B-28E99E6BE703}"
	ProjectSection(SolutionItems) = preProject
		Shaders\fragshader.frag = Shaders\fragshader.frag
		Shaders\FrameBufferPixel.hlsl = Shaders\FrameBufferPixel.hlsl
		Shaders\FrameBufferShader.vert = Shaders\FrameBufferShader.vert
		Shaders\FrameBufferVertex.hlsl = Shaders\FrameBufferVertex.hlsl
		Shaders\LevelPixelShader.hlsl = Shaders\LevelPixelShader.hlsl
		Shaders\LevelShader2D.frag = Shaders\LevelShader2D.frag
		Shaders\LevelShader2D.vert = Shaders\LevelShader2D.vert
		Shaders\LevelVertexShader.hlsl = Shaders\LevelVertexShader.hlsl
		Shaders\Shader2D.frag = Shaders\Shader2D.frag
		Shaders\Shader2D.vert = Shaders\Shader2D.vert
		Shaders\SpriteInstanceShader.frag = Shaders\SpriteInstanceShader.frag
		Shaders\SpriteInstanceShader.vert = Shaders\SpriteInstanceShader.vert
		Shaders\SpritePixelShader.hlsl = Shaders\SpritePixelShader.hlsl
		Shaders\SpriteVertexShader.hlsl = Shaders\SpriteVertexShader.hlsl
		Shaders\vertshader.vert = Shaders\vertshader.vert
	EndProjectSection
EndProject
Project("{2150E333-8FDC-42A3-9474-1A3956D46DE8}") = "Solution Items", "Solution Items", "{E282A3D5-3DCC-485B-AA01-B66AB307DBE2}"
EndProject
Project("{2150E333-8FDC-42A3-9474-1A3956D46DE8}") = "Pipelines", "Pipelines", "{0EDEA954-1D78-4E87-B6E9-6AD004194688}"
	ProjectSection(SolutionItems) = preProject
		Pipelines\Default2DPipeline.json = Pipelines\Default2DPipeline.json
		Pipelines\DefaultPipeline.json = Pipelines\DefaultPipeline.json
		Pipelines\FrameBufferPipeline.json = Pipelines\FrameBufferPipeline.json
		Pipelines\LevelShader2DPipeline.json = Pipelines\LevelShader2DPipeline.json
	EndProjectSection
EndProject
Project("{2150E333-8FDC-42A3-9474-1A3956D46DE8}") = "RenderPasses", "RenderPasses", "{6553F8D0-FC4F-4C55-A633-B3F3CBE2CD48}"
	ProjectSection(SolutionItems) = preProject
		RenderPass\Default2DRenderPass.json = RenderPass\Default2DRenderPass.json
		RenderPass\DefaultRenderPass.json = RenderPass\DefaultRenderPass.json
		RenderPass\FrameBufferRenderPass.json = RenderPass\FrameBufferRenderPass.json
		RenderPass\LevelShader2DRenderPass.json = RenderPass\LevelShader2DRenderPass.json
	EndProjectSection
EndProject
Project("{8BC9CEB8-8B4A-11D0-8D11-00A0C91BC942}") = "VulkanEngineDLL", "VulkanEngineDLL\VulkanEngineDLL.vcxproj", "{D22B29FB-1F02-471C-81AC-A352862F6951}"
EndProject
Project("{2150E333-8FDC-42A3-9474-1A3956D46DE8}") = "Levels", "Levels", "{23E8B804-7274-445A-AF83-A71B1E9AAFC5}"
	ProjectSection(SolutionItems) = preProject
		Levels\TestLevel.json = Levels\TestLevel.json
	EndProjectSection
EndProject
Project("{2150E333-8FDC-42A3-9474-1A3956D46DE8}") = "Materials", "Materials", "{4CCF9A80-6215-4938-8BF7-38F42B25CDFB}"
	ProjectSection(SolutionItems) = preProject
		Materials\Material1.json = Materials\Material1.json
		Materials\SparkManTileSetMaterial.json = Materials\SparkManTileSetMaterial.json
	EndProjectSection
EndProject
Project("{2150E333-8FDC-42A3-9474-1A3956D46DE8}") = "Sprites", "Sprites", "{93D4EF0C-42F1-4FB6-8F6C-60CBB26A242A}"
	ProjectSection(SolutionItems) = preProject
		Sprites\TestSprite.json = Sprites\TestSprite.json
	EndProjectSection
EndProject
Project("{2150E333-8FDC-42A3-9474-1A3956D46DE8}") = "Textures", "Textures", "{9352A260-EB46-4E2B-AD94-08F0665C8B63}"
EndProject
Project("{2150E333-8FDC-42A3-9474-1A3956D46DE8}") = "Loader", "Loader", "{77A09C99-A7BD-47E1-8EF3-661C0B9B55E0}"
	ProjectSection(SolutionItems) = preProject
		Textures\SparkManTexture.json = Textures\SparkManTexture.json
		Textures\TestTexture.json = Textures\TestTexture.json
	EndProjectSection
EndProject
Project("{2150E333-8FDC-42A3-9474-1A3956D46DE8}") = "Texture", "Texture", "{877021B2-F222-4B9F-BEBF-7C9A223DD6B0}"
	ProjectSection(SolutionItems) = preProject
		Textures\MegaMan_diffuse.bmp = Textures\MegaMan_diffuse.bmp
		Textures\SparkMan.png = Textures\SparkMan.png
	EndProjectSection
EndProject
Project("{8BC9CEB8-8B4A-11D0-8D11-00A0C91BC942}") = "VulkanGameEngine", "VulkanGameEngine\VulkanGameEngine.vcxproj", "{59F6607D-4EFF-4042-8D44-7DFF6D1968CA}"
	ProjectSection(ProjectDependencies) = postProject
		{D22B29FB-1F02-471C-81AC-A352862F6951} = {D22B29FB-1F02-471C-81AC-A352862F6951}
	EndProjectSection
EndProject
Project("{2150E333-8FDC-42A3-9474-1A3956D46DE8}") = "TileSets", "TileSets", "{12565B15-EF6B-4DAF-8552-844EE28936D7}"
	ProjectSection(SolutionItems) = preProject
		TileSets\SparkManTileSet.json = TileSets\SparkManTileSet.json
	EndProjectSection
EndProject
Project("{2150E333-8FDC-42A3-9474-1A3956D46DE8}") = "Include", "Include", "{16D06342-80A9-4368-B5A9-860273C3CE12}"
	ProjectSection(SolutionItems) = preProject
		Shaders\SceneDataBuffer.hlsli = Shaders\SceneDataBuffer.hlsli
		Shaders\Vertex.hlsli = Shaders\Vertex.hlsli
	EndProjectSection
EndProject
Project("{2150E333-8FDC-42A3-9474-1A3956D46DE8}") = "LevelMapLevelLayout", "LevelMapLevelLayout", "{740E1C1F-320C-4A8F-A58D-B46058521506}"
	ProjectSection(SolutionItems) = preProject
		LevelMapLevelLayout\TestMapLevelLayout.json = LevelMapLevelLayout\TestMapLevelLayout.json
	EndProjectSection
EndProject
Global
	GlobalSection(SolutionConfigurationPlatforms) = preSolution
		Debug|Any CPU = Debug|Any CPU
		Debug|x64 = Debug|x64
		Debug|x86 = Debug|x86
		Release|Any CPU = Release|Any CPU
		Release|x64 = Release|x64
		Release|x86 = Release|x86
	EndGlobalSection
	GlobalSection(ProjectConfigurationPlatforms) = postSolution
		{44233629-8998-416F-B8FB-E454D1A0CDCA}.Debug|Any CPU.ActiveCfg = Debug|Any CPU
		{44233629-8998-416F-B8FB-E454D1A0CDCA}.Debug|Any CPU.Build.0 = Debug|Any CPU
		{44233629-8998-416F-B8FB-E454D1A0CDCA}.Debug|x64.ActiveCfg = Debug|Any CPU
		{44233629-8998-416F-B8FB-E454D1A0CDCA}.Debug|x64.Build.0 = Debug|Any CPU
		{44233629-8998-416F-B8FB-E454D1A0CDCA}.Debug|x86.ActiveCfg = Debug|Any CPU
		{44233629-8998-416F-B8FB-E454D1A0CDCA}.Debug|x86.Build.0 = Debug|Any CPU
		{44233629-8998-416F-B8FB-E454D1A0CDCA}.Release|Any CPU.ActiveCfg = Release|Any CPU
		{44233629-8998-416F-B8FB-E454D1A0CDCA}.Release|Any CPU.Build.0 = Release|Any CPU
		{44233629-8998-416F-B8FB-E454D1A0CDCA}.Release|x64.ActiveCfg = Release|Any CPU
		{44233629-8998-416F-B8FB-E454D1A0CDCA}.Release|x64.Build.0 = Release|Any CPU
		{44233629-8998-416F-B8FB-E454D1A0CDCA}.Release|x86.ActiveCfg = Release|Any CPU
		{44233629-8998-416F-B8FB-E454D1A0CDCA}.Release|x86.Build.0 = Release|Any CPU
		{D22B29FB-1F02-471C-81AC-A352862F6951}.Debug|Any CPU.ActiveCfg = Debug|x64
		{D22B29FB-1F02-471C-81AC-A352862F6951}.Debug|Any CPU.Build.0 = Debug|x64
		{D22B29FB-1F02-471C-81AC-A352862F6951}.Debug|x64.ActiveCfg = Debug|x64
		{D22B29FB-1F02-471C-81AC-A352862F6951}.Debug|x64.Build.0 = Debug|x64
		{D22B29FB-1F02-471C-81AC-A352862F6951}.Debug|x86.ActiveCfg = Debug|Win32
		{D22B29FB-1F02-471C-81AC-A352862F6951}.Debug|x86.Build.0 = Debug|Win32
		{D22B29FB-1F02-471C-81AC-A352862F6951}.Release|Any CPU.ActiveCfg = Release|x64
		{D22B29FB-1F02-471C-81AC-A352862F6951}.Release|Any CPU.Build.0 = Release|x64
		{D22B29FB-1F02-471C-81AC-A352862F6951}.Release|x64.ActiveCfg = Release|x64
		{D22B29FB-1F02-471C-81AC-A352862F6951}.Release|x64.Build.0 = Release|x64
		{D22B29FB-1F02-471C-81AC-A352862F6951}.Release|x86.ActiveCfg = Release|Win32
		{D22B29FB-1F02-471C-81AC-A352862F6951}.Release|x86.Build.0 = Release|Win32
		{59F6607D-4EFF-4042-8D44-7DFF6D1968CA}.Debug|Any CPU.ActiveCfg = Debug|x64
		{59F6607D-4EFF-4042-8D44-7DFF6D1968CA}.Debug|Any CPU.Build.0 = Debug|x64
		{59F6607D-4EFF-4042-8D44-7DFF6D1968CA}.Debug|x64.ActiveCfg = Debug|x64
		{59F6607D-4EFF-4042-8D44-7DFF6D1968CA}.Debug|x64.Build.0 = Debug|x64
		{59F6607D-4EFF-4042-8D44-7DFF6D1968CA}.Debug|x86.ActiveCfg = Debug|Win32
		{59F6607D-4EFF-4042-8D44-7DFF6D1968CA}.Debug|x86.Build.0 = Debug|Win32
		{59F6607D-4EFF-4042-8D44-7DFF6D1968CA}.Release|Any CPU.ActiveCfg = Release|x64
		{59F6607D-4EFF-4042-8D44-7DFF6D1968CA}.Release|Any CPU.Build.0 = Release|x64
		{59F6607D-4EFF-4042-8D44-7DFF6D1968CA}.Release|x64.ActiveCfg = Release|x64
		{59F6607D-4EFF-4042-8D44-7DFF6D1968CA}.Release|x64.Build.0 = Release|x64
		{59F6607D-4EFF-4042-8D44-7DFF6D1968CA}.Release|x86.ActiveCfg = Release|Win32
		{59F6607D-4EFF-4042-8D44-7DFF6D1968CA}.Release|x86.Build.0 = Release|Win32
	EndGlobalSection
	GlobalSection(SolutionProperties) = preSolution
		HideSolutionNode = FALSE
	EndGlobalSection
	GlobalSection(NestedProjects) = preSolution
		{D6D5958C-19B6-4B6E-BA4B-28E99E6BE703} = {E282A3D5-3DCC-485B-AA01-B66AB307DBE2}
		{0EDEA954-1D78-4E87-B6E9-6AD004194688} = {E282A3D5-3DCC-485B-AA01-B66AB307DBE2}
		{6553F8D0-FC4F-4C55-A633-B3F3CBE2CD48} = {E282A3D5-3DCC-485B-AA01-B66AB307DBE2}
		{23E8B804-7274-445A-AF83-A71B1E9AAFC5} = {E282A3D5-3DCC-485B-AA01-B66AB307DBE2}
		{4CCF9A80-6215-4938-8BF7-38F42B25CDFB} = {E282A3D5-3DCC-485B-AA01-B66AB307DBE2}
		{93D4EF0C-42F1-4FB6-8F6C-60CBB26A242A} = {E282A3D5-3DCC-485B-AA01-B66AB307DBE2}
		{9352A260-EB46-4E2B-AD94-08F0665C8B63} = {E282A3D5-3DCC-485B-AA01-B66AB307DBE2}
		{77A09C99-A7BD-47E1-8EF3-661C0B9B55E0} = {9352A260-EB46-4E2B-AD94-08F0665C8B63}
		{877021B2-F222-4B9F-BEBF-7C9A223DD6B0} = {9352A260-EB46-4E2B-AD94-08F0665C8B63}
		{12565B15-EF6B-4DAF-8552-844EE28936D7} = {E282A3D5-3DCC-485B-AA01-B66AB307DBE2}
		{16D06342-80A9-4368-B5A9-860273C3CE12} = {D6D5958C-19B6-4B6E-BA4B-28E99E6BE703}
		{740E1C1F-320C-4A8F-A58D-B46058521506} = {E282A3D5-3DCC-485B-AA01-B66AB307DBE2}
	EndGlobalSection
	GlobalSection(ExtensibilityGlobals) = postSolution
		SolutionGuid = {9F492211-3E89-431E-83CC-E65D5E8EBE55}
	EndGlobalSection
EndGlobal
